lockVersion: 2.0.0
id: 08887878-9553-41f3-89a8-59d11a6141b3
management:
  docChecksum: 95d4ac4070b7f9db42126fc81b258e02
  docVersion: 0.0.3
  speakeasyVersion: internal
  generationVersion: 2.239.4
  releaseVersion: 0.0.1
  configChecksum: f687023514121ee9745da4d16236cc9a
  repoURL: https://github.com/LukeHagar/plexpy.git
  repoSubDirectory: .
  installationURL: https://github.com/LukeHagar/plexpy.git
  published: true
features:
  python:
    constsAndDefaults: 0.1.2
    core: 4.4.2
    flattening: 2.81.1
    globalSecurity: 2.83.2
    globalServerURLs: 2.82.1
    nameOverrides: 2.81.1
    unions: 2.82.5
generatedFiles:
  - src/plex_api/sdkconfiguration.py
  - src/plex_api/server.py
  - src/plex_api/media.py
  - src/plex_api/activities.py
  - src/plex_api/butler.py
  - src/plex_api/hubs.py
  - src/plex_api/search.py
  - src/plex_api/library.py
  - src/plex_api/log.py
  - src/plex_api/playlists.py
  - src/plex_api/security.py
  - src/plex_api/sessions.py
  - src/plex_api/updater.py
  - src/plex_api/video.py
  - src/plex_api/sdk.py
  - pylintrc
  - setup.py
  - src/plex_api/__init__.py
  - src/plex_api/utils/__init__.py
  - src/plex_api/utils/retries.py
  - src/plex_api/utils/utils.py
  - src/plex_api/models/errors/sdkerror.py
  - tests/helpers.py
  - src/plex_api/models/operations/getservercapabilities.py
  - src/plex_api/models/operations/getserverpreferences.py
  - src/plex_api/models/operations/getavailableclients.py
  - src/plex_api/models/operations/getdevices.py
  - src/plex_api/models/operations/getserveridentity.py
  - src/plex_api/models/operations/getmyplexaccount.py
  - src/plex_api/models/operations/getresizedphoto.py
  - src/plex_api/models/operations/getserverlist.py
  - src/plex_api/models/operations/markplayed.py
  - src/plex_api/models/operations/markunplayed.py
  - src/plex_api/models/operations/updateplayprogress.py
  - src/plex_api/models/operations/getserveractivities.py
  - src/plex_api/models/operations/cancelserveractivities.py
  - src/plex_api/models/operations/getbutlertasks.py
  - src/plex_api/models/operations/startalltasks.py
  - src/plex_api/models/operations/stopalltasks.py
  - src/plex_api/models/operations/starttask.py
  - src/plex_api/models/operations/stoptask.py
  - src/plex_api/models/operations/getglobalhubs.py
  - src/plex_api/models/operations/getlibraryhubs.py
  - src/plex_api/models/operations/performsearch.py
  - src/plex_api/models/operations/performvoicesearch.py
  - src/plex_api/models/operations/getsearchresults.py
  - src/plex_api/models/operations/getfilehash.py
  - src/plex_api/models/operations/getrecentlyadded.py
  - src/plex_api/models/operations/getlibraries.py
  - src/plex_api/models/operations/getlibrary.py
  - src/plex_api/models/operations/deletelibrary.py
  - src/plex_api/models/operations/getlibraryitems.py
  - src/plex_api/models/operations/refreshlibrary.py
  - src/plex_api/models/operations/searchlibrary.py
  - src/plex_api/models/operations/getmetadata.py
  - src/plex_api/models/operations/getmetadatachildren.py
  - src/plex_api/models/operations/getondeck.py
  - src/plex_api/models/operations/logline.py
  - src/plex_api/models/operations/logmultiline.py
  - src/plex_api/models/operations/enablepapertrail.py
  - src/plex_api/models/operations/createplaylist.py
  - src/plex_api/models/operations/getplaylists.py
  - src/plex_api/models/operations/getplaylist.py
  - src/plex_api/models/operations/deleteplaylist.py
  - src/plex_api/models/operations/updateplaylist.py
  - src/plex_api/models/operations/getplaylistcontents.py
  - src/plex_api/models/operations/clearplaylistcontents.py
  - src/plex_api/models/operations/addplaylistcontents.py
  - src/plex_api/models/operations/uploadplaylist.py
  - src/plex_api/models/operations/gettransienttoken.py
  - src/plex_api/models/operations/getsourceconnectioninformation.py
  - src/plex_api/models/operations/getsessions.py
  - src/plex_api/models/operations/getsessionhistory.py
  - src/plex_api/models/operations/gettranscodesessions.py
  - src/plex_api/models/operations/stoptranscodesession.py
  - src/plex_api/models/operations/getupdatestatus.py
  - src/plex_api/models/operations/checkforupdates.py
  - src/plex_api/models/operations/applyupdates.py
  - src/plex_api/models/operations/startuniversaltranscode.py
  - src/plex_api/models/operations/gettimeline.py
  - src/plex_api/models/errors/getservercapabilities.py
  - src/plex_api/models/errors/getserverpreferences.py
  - src/plex_api/models/errors/getavailableclients.py
  - src/plex_api/models/errors/getdevices.py
  - src/plex_api/models/errors/getserveridentity.py
  - src/plex_api/models/errors/getmyplexaccount.py
  - src/plex_api/models/errors/getresizedphoto.py
  - src/plex_api/models/errors/getserverlist.py
  - src/plex_api/models/errors/markplayed.py
  - src/plex_api/models/errors/markunplayed.py
  - src/plex_api/models/errors/updateplayprogress.py
  - src/plex_api/models/errors/getserveractivities.py
  - src/plex_api/models/errors/cancelserveractivities.py
  - src/plex_api/models/errors/getbutlertasks.py
  - src/plex_api/models/errors/startalltasks.py
  - src/plex_api/models/errors/stopalltasks.py
  - src/plex_api/models/errors/starttask.py
  - src/plex_api/models/errors/stoptask.py
  - src/plex_api/models/errors/getglobalhubs.py
  - src/plex_api/models/errors/getlibraryhubs.py
  - src/plex_api/models/errors/performsearch.py
  - src/plex_api/models/errors/performvoicesearch.py
  - src/plex_api/models/errors/getsearchresults.py
  - src/plex_api/models/errors/getfilehash.py
  - src/plex_api/models/errors/getrecentlyadded.py
  - src/plex_api/models/errors/getlibraries.py
  - src/plex_api/models/errors/getlibrary.py
  - src/plex_api/models/errors/deletelibrary.py
  - src/plex_api/models/errors/refreshlibrary.py
  - src/plex_api/models/errors/getmetadata.py
  - src/plex_api/models/errors/getmetadatachildren.py
  - src/plex_api/models/errors/getondeck.py
  - src/plex_api/models/errors/logline.py
  - src/plex_api/models/errors/logmultiline.py
  - src/plex_api/models/errors/enablepapertrail.py
  - src/plex_api/models/errors/createplaylist.py
  - src/plex_api/models/errors/getplaylists.py
  - src/plex_api/models/errors/getplaylist.py
  - src/plex_api/models/errors/deleteplaylist.py
  - src/plex_api/models/errors/updateplaylist.py
  - src/plex_api/models/errors/getplaylistcontents.py
  - src/plex_api/models/errors/clearplaylistcontents.py
  - src/plex_api/models/errors/addplaylistcontents.py
  - src/plex_api/models/errors/uploadplaylist.py
  - src/plex_api/models/errors/gettransienttoken.py
  - src/plex_api/models/errors/getsourceconnectioninformation.py
  - src/plex_api/models/errors/getsessions.py
  - src/plex_api/models/errors/getsessionhistory.py
  - src/plex_api/models/errors/gettranscodesessions.py
  - src/plex_api/models/errors/stoptranscodesession.py
  - src/plex_api/models/errors/getupdatestatus.py
  - src/plex_api/models/errors/checkforupdates.py
  - src/plex_api/models/errors/applyupdates.py
  - src/plex_api/models/errors/startuniversaltranscode.py
  - src/plex_api/models/errors/gettimeline.py
  - src/plex_api/models/components/security.py
  - src/plex_api/models/__init__.py
  - src/plex_api/models/errors/__init__.py
  - src/plex_api/models/operations/__init__.py
  - src/plex_api/models/components/__init__.py
  - docs/models/operations/directory.md
  - docs/models/operations/mediacontainer.md
  - docs/models/operations/getservercapabilitiesresponsebody.md
  - docs/models/operations/getservercapabilitiesresponse.md
  - docs/models/operations/two.md
  - docs/models/operations/one.md
  - docs/models/operations/setting.md
  - docs/models/operations/getserverpreferencesmediacontainer.md
  - docs/models/operations/getserverpreferencesresponsebody.md
  - docs/models/operations/getserverpreferencesresponse.md
  - docs/models/operations/server.md
  - docs/models/operations/getavailableclientsmediacontainer.md
  - docs/models/operations/getavailableclientsresponsebody.md
  - docs/models/operations/getavailableclientsresponse.md
  - docs/models/operations/device.md
  - docs/models/operations/getdevicesmediacontainer.md
  - docs/models/operations/getdevicesresponsebody.md
  - docs/models/operations/getdevicesresponse.md
  - docs/models/operations/getserveridentitymediacontainer.md
  - docs/models/operations/getserveridentityresponsebody.md
  - docs/models/operations/getserveridentityresponse.md
  - docs/models/operations/myplex.md
  - docs/models/operations/getmyplexaccountresponsebody.md
  - docs/models/operations/getmyplexaccountresponse.md
  - docs/models/operations/minsize.md
  - docs/models/operations/upscale.md
  - docs/models/operations/getresizedphotorequest.md
  - docs/models/operations/getresizedphotoresponse.md
  - docs/models/operations/getserverlistserver.md
  - docs/models/operations/getserverlistmediacontainer.md
  - docs/models/operations/getserverlistresponsebody.md
  - docs/models/operations/getserverlistresponse.md
  - docs/models/operations/markplayedrequest.md
  - docs/models/operations/markplayedresponse.md
  - docs/models/operations/markunplayedrequest.md
  - docs/models/operations/markunplayedresponse.md
  - docs/models/operations/updateplayprogressrequest.md
  - docs/models/operations/updateplayprogressresponse.md
  - docs/models/operations/context.md
  - docs/models/operations/activity.md
  - docs/models/operations/getserveractivitiesmediacontainer.md
  - docs/models/operations/getserveractivitiesresponsebody.md
  - docs/models/operations/getserveractivitiesresponse.md
  - docs/models/operations/cancelserveractivitiesrequest.md
  - docs/models/operations/cancelserveractivitiesresponse.md
  - docs/models/operations/butlertask.md
  - docs/models/operations/butlertasks.md
  - docs/models/operations/getbutlertasksresponsebody.md
  - docs/models/operations/getbutlertasksresponse.md
  - docs/models/operations/startalltasksresponse.md
  - docs/models/operations/stopalltasksresponse.md
  - docs/models/operations/taskname.md
  - docs/models/operations/starttaskrequest.md
  - docs/models/operations/starttaskresponse.md
  - docs/models/operations/pathparamtaskname.md
  - docs/models/operations/stoptaskrequest.md
  - docs/models/operations/stoptaskresponse.md
  - docs/models/operations/onlytransient.md
  - docs/models/operations/getglobalhubsrequest.md
  - docs/models/operations/getglobalhubsmetadata.md
  - docs/models/operations/hub.md
  - docs/models/operations/getglobalhubsmediacontainer.md
  - docs/models/operations/getglobalhubsresponsebody.md
  - docs/models/operations/getglobalhubsresponse.md
  - docs/models/operations/queryparamonlytransient.md
  - docs/models/operations/getlibraryhubsrequest.md
  - docs/models/operations/getlibraryhubspart.md
  - docs/models/operations/getlibraryhubsmedia.md
  - docs/models/operations/getlibraryhubsgenre.md
  - docs/models/operations/getlibraryhubscountry.md
  - docs/models/operations/getlibraryhubsdirector.md
  - docs/models/operations/getlibraryhubsrole.md
  - docs/models/operations/getlibraryhubswriter.md
  - docs/models/operations/getlibraryhubsmetadata.md
  - docs/models/operations/getlibraryhubshub.md
  - docs/models/operations/getlibraryhubsmediacontainer.md
  - docs/models/operations/getlibraryhubsresponsebody.md
  - docs/models/operations/getlibraryhubsresponse.md
  - docs/models/operations/performsearchrequest.md
  - docs/models/operations/performsearchresponse.md
  - docs/models/operations/performvoicesearchrequest.md
  - docs/models/operations/performvoicesearchresponse.md
  - docs/models/operations/getsearchresultsrequest.md
  - docs/models/operations/getsearchresultspart.md
  - docs/models/operations/getsearchresultsmedia.md
  - docs/models/operations/getsearchresultsgenre.md
  - docs/models/operations/getsearchresultsdirector.md
  - docs/models/operations/getsearchresultswriter.md
  - docs/models/operations/getsearchresultscountry.md
  - docs/models/operations/getsearchresultsrole.md
  - docs/models/operations/getsearchresultsmetadata.md
  - docs/models/operations/provider.md
  - docs/models/operations/getsearchresultsmediacontainer.md
  - docs/models/operations/getsearchresultsresponsebody.md
  - docs/models/operations/getsearchresultsresponse.md
  - docs/models/operations/getfilehashrequest.md
  - docs/models/operations/getfilehashresponse.md
  - docs/models/operations/part.md
  - docs/models/operations/media.md
  - docs/models/operations/genre.md
  - docs/models/operations/director.md
  - docs/models/operations/writer.md
  - docs/models/operations/country.md
  - docs/models/operations/role.md
  - docs/models/operations/metadata.md
  - docs/models/operations/getrecentlyaddedmediacontainer.md
  - docs/models/operations/getrecentlyaddedresponsebody.md
  - docs/models/operations/getrecentlyaddedresponse.md
  - docs/models/operations/location.md
  - docs/models/operations/getlibrariesdirectory.md
  - docs/models/operations/getlibrariesmediacontainer.md
  - docs/models/operations/getlibrariesresponsebody.md
  - docs/models/operations/getlibrariesresponse.md
  - docs/models/operations/includedetails.md
  - docs/models/operations/getlibraryrequest.md
  - docs/models/operations/getlibrarydirectory.md
  - docs/models/operations/filter_.md
  - docs/models/operations/sort.md
  - docs/models/operations/field.md
  - docs/models/operations/getlibrarytype.md
  - docs/models/operations/operator.md
  - docs/models/operations/fieldtype.md
  - docs/models/operations/getlibrarymediacontainer.md
  - docs/models/operations/getlibraryresponsebody.md
  - docs/models/operations/getlibraryresponse.md
  - docs/models/operations/deletelibraryrequest.md
  - docs/models/operations/deletelibraryresponse.md
  - docs/models/operations/tag.md
  - docs/models/operations/getlibraryitemsrequest.md
  - docs/models/operations/getlibraryitemspart.md
  - docs/models/operations/getlibraryitemsmedia.md
  - docs/models/operations/getlibraryitemsgenre.md
  - docs/models/operations/getlibraryitemscountry.md
  - docs/models/operations/getlibraryitemsdirector.md
  - docs/models/operations/getlibraryitemswriter.md
  - docs/models/operations/getlibraryitemsrole.md
  - docs/models/operations/getlibraryitemsmetadata.md
  - docs/models/operations/getlibraryitemsmediacontainer.md
  - docs/models/operations/getlibraryitemsresponsebody.md
  - docs/models/operations/getlibraryitemsresponse.md
  - docs/models/operations/refreshlibraryrequest.md
  - docs/models/operations/refreshlibraryresponse.md
  - docs/models/operations/type.md
  - docs/models/operations/searchlibraryrequest.md
  - docs/models/operations/searchlibrarymetadata.md
  - docs/models/operations/searchlibrarymediacontainer.md
  - docs/models/operations/searchlibraryresponsebody.md
  - docs/models/operations/searchlibraryresponse.md
  - docs/models/operations/getmetadatarequest.md
  - docs/models/operations/stream.md
  - docs/models/operations/getmetadatapart.md
  - docs/models/operations/getmetadatamedia.md
  - docs/models/operations/getmetadatagenre.md
  - docs/models/operations/getmetadatacountry.md
  - docs/models/operations/guids.md
  - docs/models/operations/ratings.md
  - docs/models/operations/getmetadatadirector.md
  - docs/models/operations/getmetadatawriter.md
  - docs/models/operations/getmetadatarole.md
  - docs/models/operations/producer.md
  - docs/models/operations/getmetadatametadata.md
  - docs/models/operations/getmetadatamediacontainer.md
  - docs/models/operations/getmetadataresponsebody.md
  - docs/models/operations/getmetadataresponse.md
  - docs/models/operations/getmetadatachildrenrequest.md
  - docs/models/operations/getmetadatachildrendirectory.md
  - docs/models/operations/getmetadatachildrenmetadata.md
  - docs/models/operations/getmetadatachildrenmediacontainer.md
  - docs/models/operations/getmetadatachildrenresponsebody.md
  - docs/models/operations/getmetadatachildrenresponse.md
  - docs/models/operations/getondeckstream.md
  - docs/models/operations/getondeckpart.md
  - docs/models/operations/getondeckmedia.md
  - docs/models/operations/getondeckguids.md
  - docs/models/operations/getondeckmetadata.md
  - docs/models/operations/getondeckmediacontainer.md
  - docs/models/operations/getondeckresponsebody.md
  - docs/models/operations/getondeckresponse.md
  - docs/models/operations/level.md
  - docs/models/operations/loglinerequest.md
  - docs/models/operations/loglineresponse.md
  - docs/models/operations/logmultilineresponse.md
  - docs/models/operations/enablepapertrailresponse.md
  - docs/models/operations/queryparamtype.md
  - docs/models/operations/smart.md
  - docs/models/operations/createplaylistrequest.md
  - docs/models/operations/createplaylistmetadata.md
  - docs/models/operations/createplaylistmediacontainer.md
  - docs/models/operations/createplaylistresponsebody.md
  - docs/models/operations/createplaylistresponse.md
  - docs/models/operations/playlisttype.md
  - docs/models/operations/queryparamsmart.md
  - docs/models/operations/getplaylistsrequest.md
  - docs/models/operations/getplaylistsmetadata.md
  - docs/models/operations/getplaylistsmediacontainer.md
  - docs/models/operations/getplaylistsresponsebody.md
  - docs/models/operations/getplaylistsresponse.md
  - docs/models/operations/getplaylistrequest.md
  - docs/models/operations/getplaylistmetadata.md
  - docs/models/operations/getplaylistmediacontainer.md
  - docs/models/operations/getplaylistresponsebody.md
  - docs/models/operations/getplaylistresponse.md
  - docs/models/operations/deleteplaylistrequest.md
  - docs/models/operations/deleteplaylistresponse.md
  - docs/models/operations/updateplaylistrequest.md
  - docs/models/operations/updateplaylistresponse.md
  - docs/models/operations/getplaylistcontentsrequest.md
  - docs/models/operations/getplaylistcontentspart.md
  - docs/models/operations/getplaylistcontentsmedia.md
  - docs/models/operations/getplaylistcontentsgenre.md
  - docs/models/operations/getplaylistcontentscountry.md
  - docs/models/operations/getplaylistcontentsdirector.md
  - docs/models/operations/getplaylistcontentswriter.md
  - docs/models/operations/getplaylistcontentsrole.md
  - docs/models/operations/getplaylistcontentsmetadata.md
  - docs/models/operations/getplaylistcontentsmediacontainer.md
  - docs/models/operations/getplaylistcontentsresponsebody.md
  - docs/models/operations/getplaylistcontentsresponse.md
  - docs/models/operations/clearplaylistcontentsrequest.md
  - docs/models/operations/clearplaylistcontentsresponse.md
  - docs/models/operations/addplaylistcontentsrequest.md
  - docs/models/operations/addplaylistcontentsmetadata.md
  - docs/models/operations/addplaylistcontentsmediacontainer.md
  - docs/models/operations/addplaylistcontentsresponsebody.md
  - docs/models/operations/addplaylistcontentsresponse.md
  - docs/models/operations/force.md
  - docs/models/operations/uploadplaylistrequest.md
  - docs/models/operations/uploadplaylistresponse.md
  - docs/models/operations/gettransienttokenqueryparamtype.md
  - docs/models/operations/scope.md
  - docs/models/operations/gettransienttokenrequest.md
  - docs/models/operations/gettransienttokenresponse.md
  - docs/models/operations/getsourceconnectioninformationrequest.md
  - docs/models/operations/getsourceconnectioninformationresponse.md
  - docs/models/operations/getsessionsstream.md
  - docs/models/operations/getsessionspart.md
  - docs/models/operations/getsessionsmedia.md
  - docs/models/operations/user.md
  - docs/models/operations/player.md
  - docs/models/operations/session.md
  - docs/models/operations/getsessionsmetadata.md
  - docs/models/operations/getsessionsmediacontainer.md
  - docs/models/operations/getsessionsresponsebody.md
  - docs/models/operations/getsessionsresponse.md
  - docs/models/operations/getsessionhistorymetadata.md
  - docs/models/operations/getsessionhistorymediacontainer.md
  - docs/models/operations/getsessionhistoryresponsebody.md
  - docs/models/operations/getsessionhistoryresponse.md
  - docs/models/operations/transcodesession.md
  - docs/models/operations/gettranscodesessionsmediacontainer.md
  - docs/models/operations/gettranscodesessionsresponsebody.md
  - docs/models/operations/gettranscodesessionsresponse.md
  - docs/models/operations/stoptranscodesessionrequest.md
  - docs/models/operations/stoptranscodesessionresponse.md
  - docs/models/operations/release.md
  - docs/models/operations/getupdatestatusmediacontainer.md
  - docs/models/operations/getupdatestatusresponsebody.md
  - docs/models/operations/getupdatestatusresponse.md
  - docs/models/operations/download.md
  - docs/models/operations/checkforupdatesrequest.md
  - docs/models/operations/checkforupdatesresponse.md
  - docs/models/operations/tonight.md
  - docs/models/operations/skip.md
  - docs/models/operations/applyupdatesrequest.md
  - docs/models/operations/applyupdatesresponse.md
  - docs/models/operations/startuniversaltranscoderequest.md
  - docs/models/operations/startuniversaltranscoderesponse.md
  - docs/models/operations/state.md
  - docs/models/operations/gettimelinerequest.md
  - docs/models/operations/gettimelineresponse.md
  - docs/models/errors/errors.md
  - docs/models/errors/getservercapabilitiesresponsebody.md
  - docs/models/errors/getserverpreferenceserrors.md
  - docs/models/errors/getserverpreferencesresponsebody.md
  - docs/models/errors/getavailableclientserrors.md
  - docs/models/errors/getavailableclientsresponsebody.md
  - docs/models/errors/getdeviceserrors.md
  - docs/models/errors/getdevicesresponsebody.md
  - docs/models/errors/getserveridentityerrors.md
  - docs/models/errors/getserveridentityresponsebody.md
  - docs/models/errors/getmyplexaccounterrors.md
  - docs/models/errors/getmyplexaccountresponsebody.md
  - docs/models/errors/getresizedphotoerrors.md
  - docs/models/errors/getresizedphotoresponsebody.md
  - docs/models/errors/getserverlisterrors.md
  - docs/models/errors/getserverlistresponsebody.md
  - docs/models/errors/markplayederrors.md
  - docs/models/errors/markplayedresponsebody.md
  - docs/models/errors/markunplayederrors.md
  - docs/models/errors/markunplayedresponsebody.md
  - docs/models/errors/updateplayprogresserrors.md
  - docs/models/errors/updateplayprogressresponsebody.md
  - docs/models/errors/getserveractivitieserrors.md
  - docs/models/errors/getserveractivitiesresponsebody.md
  - docs/models/errors/cancelserveractivitieserrors.md
  - docs/models/errors/cancelserveractivitiesresponsebody.md
  - docs/models/errors/getbutlertaskserrors.md
  - docs/models/errors/getbutlertasksresponsebody.md
  - docs/models/errors/startalltaskserrors.md
  - docs/models/errors/startalltasksresponsebody.md
  - docs/models/errors/stopalltaskserrors.md
  - docs/models/errors/stopalltasksresponsebody.md
  - docs/models/errors/starttaskerrors.md
  - docs/models/errors/starttaskresponsebody.md
  - docs/models/errors/stoptaskerrors.md
  - docs/models/errors/stoptaskresponsebody.md
  - docs/models/errors/getglobalhubserrors.md
  - docs/models/errors/getglobalhubsresponsebody.md
  - docs/models/errors/getlibraryhubserrors.md
  - docs/models/errors/getlibraryhubsresponsebody.md
  - docs/models/errors/performsearcherrors.md
  - docs/models/errors/performsearchresponsebody.md
  - docs/models/errors/performvoicesearcherrors.md
  - docs/models/errors/performvoicesearchresponsebody.md
  - docs/models/errors/getsearchresultserrors.md
  - docs/models/errors/getsearchresultsresponsebody.md
  - docs/models/errors/getfilehasherrors.md
  - docs/models/errors/getfilehashresponsebody.md
  - docs/models/errors/getrecentlyaddederrors.md
  - docs/models/errors/getrecentlyaddedresponsebody.md
  - docs/models/errors/getlibrarieserrors.md
  - docs/models/errors/getlibrariesresponsebody.md
  - docs/models/errors/getlibraryerrors.md
  - docs/models/errors/getlibraryresponsebody.md
  - docs/models/errors/deletelibraryerrors.md
  - docs/models/errors/deletelibraryresponsebody.md
  - docs/models/errors/refreshlibraryerrors.md
  - docs/models/errors/refreshlibraryresponsebody.md
  - docs/models/errors/getmetadataerrors.md
  - docs/models/errors/getmetadataresponsebody.md
  - docs/models/errors/getmetadatachildrenerrors.md
  - docs/models/errors/getmetadatachildrenresponsebody.md
  - docs/models/errors/getondeckerrors.md
  - docs/models/errors/getondeckresponsebody.md
  - docs/models/errors/loglineerrors.md
  - docs/models/errors/loglineresponsebody.md
  - docs/models/errors/logmultilineerrors.md
  - docs/models/errors/logmultilineresponsebody.md
  - docs/models/errors/enablepapertrailerrors.md
  - docs/models/errors/enablepapertrailresponsebody.md
  - docs/models/errors/createplaylisterrors.md
  - docs/models/errors/createplaylistresponsebody.md
  - docs/models/errors/getplaylistserrors.md
  - docs/models/errors/getplaylistsresponsebody.md
  - docs/models/errors/getplaylisterrors.md
  - docs/models/errors/getplaylistresponsebody.md
  - docs/models/errors/deleteplaylisterrors.md
  - docs/models/errors/deleteplaylistresponsebody.md
  - docs/models/errors/updateplaylisterrors.md
  - docs/models/errors/updateplaylistresponsebody.md
  - docs/models/errors/getplaylistcontentserrors.md
  - docs/models/errors/getplaylistcontentsresponsebody.md
  - docs/models/errors/clearplaylistcontentserrors.md
  - docs/models/errors/clearplaylistcontentsresponsebody.md
  - docs/models/errors/addplaylistcontentserrors.md
  - docs/models/errors/addplaylistcontentsresponsebody.md
  - docs/models/errors/uploadplaylisterrors.md
  - docs/models/errors/uploadplaylistresponsebody.md
  - docs/models/errors/gettransienttokenerrors.md
  - docs/models/errors/gettransienttokenresponsebody.md
  - docs/models/errors/getsourceconnectioninformationerrors.md
  - docs/models/errors/getsourceconnectioninformationresponsebody.md
  - docs/models/errors/getsessionserrors.md
  - docs/models/errors/getsessionsresponsebody.md
  - docs/models/errors/getsessionhistoryerrors.md
  - docs/models/errors/getsessionhistoryresponsebody.md
  - docs/models/errors/gettranscodesessionserrors.md
  - docs/models/errors/gettranscodesessionsresponsebody.md
  - docs/models/errors/stoptranscodesessionerrors.md
  - docs/models/errors/stoptranscodesessionresponsebody.md
  - docs/models/errors/getupdatestatuserrors.md
  - docs/models/errors/getupdatestatusresponsebody.md
  - docs/models/errors/checkforupdateserrors.md
  - docs/models/errors/checkforupdatesresponsebody.md
  - docs/models/errors/applyupdateserrors.md
  - docs/models/errors/applyupdatesresponsebody.md
  - docs/models/errors/startuniversaltranscodeerrors.md
  - docs/models/errors/startuniversaltranscoderesponsebody.md
  - docs/models/errors/gettimelineerrors.md
  - docs/models/errors/gettimelineresponsebody.md
  - docs/models/components/security.md
  - USAGE.md
  - .gitattributes
