speakeasyVersion: 1.296.1
sources:
    my-source:
        sourceNamespace: my-source
        sourceRevisionDigest: sha256:91ff23ed0926db0cba3341da748678ad39e7c4293ad5d5eb8fffc0fc685f8b2e
        sourceBlobDigest: sha256:1ffeebf55ae5960e9fb4ae62b4ac7588e62cb7f72d3f497e6b413381ae6ba8ec
        tags:
            - latest
            - main
targets:
    plexpy:
        source: my-source
        sourceNamespace: my-source
        sourceRevisionDigest: sha256:91ff23ed0926db0cba3341da748678ad39e7c4293ad5d5eb8fffc0fc685f8b2e
        sourceBlobDigest: sha256:1ffeebf55ae5960e9fb4ae62b4ac7588e62cb7f72d3f497e6b413381ae6ba8ec
        outLocation: /github/workspace/repo
workflow:
    workflowVersion: 1.0.0
    speakeasyVersion: latest
    sources:
        my-source:
            inputs:
                - location: https://raw.githubusercontent.com/LukeHagar/plex-api-spec/main/plex-media-server-spec-dereferenced.yaml
            registry:
                location: registry.speakeasyapi.dev/lukehagar/lukehagar/my-source
    targets:
        plexpy:
            target: python
            source: my-source
            publish:
                pypi:
                    token: $PYPI_TOKEN
            codeSamples:
                output: codeSamples.yaml
