speakeasyVersion: 1.297.0
sources:
    my-source:
        sourceNamespace: my-source
        sourceRevisionDigest: sha256:d21560bc28ae526cdf7e5386eb94d87e33c9a522508dc1be70bdb0d8ba58177c
        sourceBlobDigest: sha256:88ebda93768400116c5928d27eaf6ea9a72c28155ca574678b18e38b0e40712c
        tags:
            - latest
            - main
targets:
    plexpy:
        source: my-source
        sourceNamespace: my-source
        sourceRevisionDigest: sha256:d21560bc28ae526cdf7e5386eb94d87e33c9a522508dc1be70bdb0d8ba58177c
        sourceBlobDigest: sha256:88ebda93768400116c5928d27eaf6ea9a72c28155ca574678b18e38b0e40712c
        outLocation: /github/workspace/repo
workflow:
    workflowVersion: 1.0.0
    speakeasyVersion: latest
    sources:
        my-source:
            inputs:
                - location: https://raw.githubusercontent.com/LukeHagar/plex-api-spec/main/plex-media-server-spec-dereferenced.yaml
            registry:
                location: registry.speakeasyapi.dev/lukehagar/lukehagar/my-source
    targets:
        plexpy:
            target: python
            source: my-source
            publish:
                pypi:
                    token: $PYPI_TOKEN
            codeSamples:
                output: codeSamples.yaml
